
Microsoft Visual Studio Solution File, Format Version 12.00
# Visual Studio 15
VisualStudioVersion = 15.0.27703.2035
MinimumVisualStudioVersion = 10.0.40219.1
Project("{2150E333-8FDC-42A3-9474-1A3956D46DE8}") = "src", "src", "{B1C0F9BA-C0D9-4366-B84C-04FDA44D0BB9}"
EndProject
Project("{2150E333-8FDC-42A3-9474-1A3956D46DE8}") = "Core", "Core", "{9CFB2B66-7701-4579-BD02-F42CC3690141}"
EndProject
Project("{2150E333-8FDC-42A3-9474-1A3956D46DE8}") = "Infrastructure", "Infrastructure", "{B438DCF8-4A80-4039-8EE7-FCA0ABE9AF4B}"
EndProject
Project("{2150E333-8FDC-42A3-9474-1A3956D46DE8}") = "Web", "Web", "{7CC9D9FB-153D-4280-82C6-AF1316BB1D14}"
EndProject
Project("{9A19103F-16F7-4668-BE54-9A1E7A4F7556}") = "AKQA.Api", "src\Web\AKQA.Api\AKQA.Api.csproj", "{FC0B4536-D870-4A85-A083-7DD5CCAC854D}"
EndProject
Project("{9A19103F-16F7-4668-BE54-9A1E7A4F7556}") = "AKQA.Web", "src\Web\AKQA.Web\AKQA.Web.csproj", "{83D6FA2D-5909-4FF5-9584-C6076FE85BAB}"
EndProject
Project("{9A19103F-16F7-4668-BE54-9A1E7A4F7556}") = "AKQA.Application", "src\Core\AKQA.Application\AKQA.Application.csproj", "{315620FF-7249-4286-B13A-9305DE062F87}"
EndProject
Project("{9A19103F-16F7-4668-BE54-9A1E7A4F7556}") = "AKQA.Domain", "src\Core\AKQA.Domain\AKQA.Domain.csproj", "{B938AF60-8D7A-4333-8337-1E15CA48117C}"
EndProject
Project("{9A19103F-16F7-4668-BE54-9A1E7A4F7556}") = "AKQA.Persistence", "src\Infrastructure\AKQA.Persistence\AKQA.Persistence.csproj", "{39A5C443-4AF5-4CE1-97B0-CCE997E38BE1}"
EndProject
Project("{2150E333-8FDC-42A3-9474-1A3956D46DE8}") = "Tests", "Tests", "{C8A266EF-68A6-4D57-A022-6A5DD7396ABD}"
EndProject
Project("{9A19103F-16F7-4668-BE54-9A1E7A4F7556}") = "AKQA.Application.Tests", "Tests\AKQA.Application.Tests\AKQA.Application.Tests.csproj", "{9F2974C2-9F93-4955-85D1-77D026CD43EA}"
EndProject
Global
	GlobalSection(SolutionConfigurationPlatforms) = preSolution
		Debug|Any CPU = Debug|Any CPU
		Release|Any CPU = Release|Any CPU
	EndGlobalSection
	GlobalSection(ProjectConfigurationPlatforms) = postSolution
		{FC0B4536-D870-4A85-A083-7DD5CCAC854D}.Debug|Any CPU.ActiveCfg = Debug|Any CPU
		{FC0B4536-D870-4A85-A083-7DD5CCAC854D}.Debug|Any CPU.Build.0 = Debug|Any CPU
		{FC0B4536-D870-4A85-A083-7DD5CCAC854D}.Release|Any CPU.ActiveCfg = Release|Any CPU
		{FC0B4536-D870-4A85-A083-7DD5CCAC854D}.Release|Any CPU.Build.0 = Release|Any CPU
		{83D6FA2D-5909-4FF5-9584-C6076FE85BAB}.Debug|Any CPU.ActiveCfg = Debug|Any CPU
		{83D6FA2D-5909-4FF5-9584-C6076FE85BAB}.Debug|Any CPU.Build.0 = Debug|Any CPU
		{83D6FA2D-5909-4FF5-9584-C6076FE85BAB}.Release|Any CPU.ActiveCfg = Release|Any CPU
		{83D6FA2D-5909-4FF5-9584-C6076FE85BAB}.Release|Any CPU.Build.0 = Release|Any CPU
		{315620FF-7249-4286-B13A-9305DE062F87}.Debug|Any CPU.ActiveCfg = Debug|Any CPU
		{315620FF-7249-4286-B13A-9305DE062F87}.Debug|Any CPU.Build.0 = Debug|Any CPU
		{315620FF-7249-4286-B13A-9305DE062F87}.Release|Any CPU.ActiveCfg = Release|Any CPU
		{315620FF-7249-4286-B13A-9305DE062F87}.Release|Any CPU.Build.0 = Release|Any CPU
		{B938AF60-8D7A-4333-8337-1E15CA48117C}.Debug|Any CPU.ActiveCfg = Debug|Any CPU
		{B938AF60-8D7A-4333-8337-1E15CA48117C}.Debug|Any CPU.Build.0 = Debug|Any CPU
		{B938AF60-8D7A-4333-8337-1E15CA48117C}.Release|Any CPU.ActiveCfg = Release|Any CPU
		{B938AF60-8D7A-4333-8337-1E15CA48117C}.Release|Any CPU.Build.0 = Release|Any CPU
		{39A5C443-4AF5-4CE1-97B0-CCE997E38BE1}.Debug|Any CPU.ActiveCfg = Debug|Any CPU
		{39A5C443-4AF5-4CE1-97B0-CCE997E38BE1}.Debug|Any CPU.Build.0 = Debug|Any CPU
		{39A5C443-4AF5-4CE1-97B0-CCE997E38BE1}.Release|Any CPU.ActiveCfg = Release|Any CPU
		{39A5C443-4AF5-4CE1-97B0-CCE997E38BE1}.Release|Any CPU.Build.0 = Release|Any CPU
		{9F2974C2-9F93-4955-85D1-77D026CD43EA}.Debug|Any CPU.ActiveCfg = Debug|Any CPU
		{9F2974C2-9F93-4955-85D1-77D026CD43EA}.Debug|Any CPU.Build.0 = Debug|Any CPU
		{9F2974C2-9F93-4955-85D1-77D026CD43EA}.Release|Any CPU.ActiveCfg = Release|Any CPU
		{9F2974C2-9F93-4955-85D1-77D026CD43EA}.Release|Any CPU.Build.0 = Release|Any CPU
	EndGlobalSection
	GlobalSection(SolutionProperties) = preSolution
		HideSolutionNode = FALSE
	EndGlobalSection
	GlobalSection(NestedProjects) = preSolution
		{9CFB2B66-7701-4579-BD02-F42CC3690141} = {B1C0F9BA-C0D9-4366-B84C-04FDA44D0BB9}
		{B438DCF8-4A80-4039-8EE7-FCA0ABE9AF4B} = {B1C0F9BA-C0D9-4366-B84C-04FDA44D0BB9}
		{7CC9D9FB-153D-4280-82C6-AF1316BB1D14} = {B1C0F9BA-C0D9-4366-B84C-04FDA44D0BB9}
		{FC0B4536-D870-4A85-A083-7DD5CCAC854D} = {7CC9D9FB-153D-4280-82C6-AF1316BB1D14}
		{83D6FA2D-5909-4FF5-9584-C6076FE85BAB} = {7CC9D9FB-153D-4280-82C6-AF1316BB1D14}
		{315620FF-7249-4286-B13A-9305DE062F87} = {9CFB2B66-7701-4579-BD02-F42CC3690141}
		{B938AF60-8D7A-4333-8337-1E15CA48117C} = {9CFB2B66-7701-4579-BD02-F42CC3690141}
		{39A5C443-4AF5-4CE1-97B0-CCE997E38BE1} = {B438DCF8-4A80-4039-8EE7-FCA0ABE9AF4B}
		{C8A266EF-68A6-4D57-A022-6A5DD7396ABD} = {B1C0F9BA-C0D9-4366-B84C-04FDA44D0BB9}
		{9F2974C2-9F93-4955-85D1-77D026CD43EA} = {C8A266EF-68A6-4D57-A022-6A5DD7396ABD}
	EndGlobalSection
	GlobalSection(ExtensibilityGlobals) = postSolution
		SolutionGuid = {798CB796-3018-4AAA-9377-B5C6F2ED35C4}
	EndGlobalSection
EndGlobal
